
Microsoft Visual Studio Solution File, Format Version 12.00
Project("{FAE04EC0-301F-11D3-BF4B-00C04F79EFBC}") = "rapidclick", "rapidclick.csproj", "{3353DC6A-98E9-429F-B4D7-D8164D63CF71}"
EndProject
Global
	GlobalSection(SolutionConfigurationPlatforms) = preSolution
		Debug|Any CPU = Debug|Any CPU
		Release|Any CPU = Release|Any CPU
	EndGlobalSection
	GlobalSection(ProjectConfigurationPlatforms) = postSolution
		{3353DC6A-98E9-429F-B4D7-D8164D63CF71}.Debug|Any CPU.ActiveCfg = Debug|Any CPU
		{3353DC6A-98E9-429F-B4D7-D8164D63CF71}.Debug|Any CPU.Build.0 = Debug|Any CPU
		{3353DC6A-98E9-429F-B4D7-D8164D63CF71}.Release|Any CPU.ActiveCfg = Release|Any CPU
		{3353DC6A-98E9-429F-B4D7-D8164D63CF71}.Release|Any CPU.Build.0 = Release|Any CPU
	EndGlobalSection
EndGlobal
